{
  "name": "contact",
  "version": "0.0.1",
  "lockfileVersion": 1,
  "requires": true,
  "dependencies": {
    "german-data-protection-statement": {
      "version": "0.1.0",
      "resolved": "https://registry.npmjs.org/german-data-protection-statement/-/german-data-protection-statement-0.1.0.tgz",
      "integrity": "sha512-95RMadeJTfayhcpeLdTRW84d47JmMykevIzFhVDSrGH2x6+h9sGCFIqpIDGR0SJJoHVRxSZf/dTBJp3W2Uk1uQ==",
      "requires": {
        "tslib": "^1.9.0"
      }
    },
    "german-impressum": {
      "version": "0.2.4",
      "resolved": "https://registry.npmjs.org/german-impressum/-/german-impressum-0.2.4.tgz",
      "integrity": "sha512-NPEFodioBHlk6QbOKNLoaUWsWynoI067Xb2KaDcEImmqgGebtAfK85s0hj1GGqwZeTlWlk4eUKozQhON0kKeFg==",
      "requires": {
        "tslib": "^1.9.0"
      }
    },
    "german-legal-disclaimer": {
      "version": "0.1.0",
      "resolved": "https://registry.npmjs.org/german-legal-disclaimer/-/german-legal-disclaimer-0.1.0.tgz",
      "integrity": "sha512-A+mmyWOAeGssdh648ezwLhgXVxhzDg3Jr8mTkgqAM41Fk6orezBUX1lPySnlo8hytShtWvbB26s+xyYXf4lE/A==",
      "requires": {
        "tslib": "^1.9.0"
      }
    },
    "tslib": {
      "version": "1.10.0",
      "resolved": "https://registry.npmjs.org/tslib/-/tslib-1.10.0.tgz",
      "integrity": "sha512-qOebF53frne81cf0S9B41ByenJ3/IuH8yJKngAX35CmiZySA0khhkovshKK+jGCaMnVomla7gVlIcc3EvKPbTQ=="
    }
  }
}
