{
  "name": "ng-cards",
  "version": "0.0.1",
  "lockfileVersion": 1,
  "requires": true,
  "dependencies": {
    "ng-card": {
      "version": "0.2.0",
      "resolved": "https://registry.npmjs.org/ng-card/-/ng-card-0.2.0.tgz",
      "integrity": "sha512-e4MfY5gA8U7Tub2gfZDA84yky+TGgTKZpoWH02pyAn+fY/IJbbf1rNKVfrODKBPsa5fsGmQk8q7FjSathYNgeQ==",
      "requires": {
        "tslib": "^1.9.0"
      }
    },
    "tslib": {
      "version": "1.10.0",
      "resolved": "https://registry.npmjs.org/tslib/-/tslib-1.10.0.tgz",
      "integrity": "sha512-qOebF53frne81cf0S9B41ByenJ3/IuH8yJKngAX35CmiZySA0khhkovshKK+jGCaMnVomla7gVlIcc3EvKPbTQ=="
    }
  }
}
