{
  "name": "dance-planner-cards",
  "version": "0.0.1",
  "lockfileVersion": 1,
  "requires": true,
  "dependencies": {
    "dance-planner-card": {
      "version": "0.0.1",
      "resolved": "https://registry.npmjs.org/dance-planner-card/-/dance-planner-card-0.0.1.tgz",
      "integrity": "sha512-85KnwO2HAhBNyK7i/D5iUr497srqjbbbrWY0AxAjRi99pgJNEnkNtoH8e+ebFfnExySQqnDMZgbXZl8U8zlIig==",
      "requires": {
        "tslib": "^1.9.0"
      }
    },
    "tslib": {
      "version": "1.10.0",
      "resolved": "https://registry.npmjs.org/tslib/-/tslib-1.10.0.tgz",
      "integrity": "sha512-qOebF53frne81cf0S9B41ByenJ3/IuH8yJKngAX35CmiZySA0khhkovshKK+jGCaMnVomla7gVlIcc3EvKPbTQ=="
    }
  }
}
